// !$*UTF8*$!
{
	archiveVersion = 1;
	classes = {
	};
	objectVersion = 50;
	objects = {

/* Begin PBXBuildFile section */
		0271FB7621A144C0009066DE /* AppDelegate.swift in Sources */ = {isa = PBXBuildFile; fileRef = 0271FB7521A144C0009066DE /* AppDelegate.swift */; };
		0271FB7821A144C0009066DE /* ViewController.swift in Sources */ = {isa = PBXBuildFile; fileRef = 0271FB7721A144C0009066DE /* ViewController.swift */; };
		0271FB7B21A144C0009066DE /* Main.storyboard in Resources */ = {isa = PBXBuildFile; fileRef = 0271FB7921A144C0009066DE /* Main.storyboard */; };
		0271FB7D21A144C2009066DE /* Assets.xcassets in Resources */ = {isa = PBXBuildFile; fileRef = 0271FB7C21A144C2009066DE /* Assets.xcassets */; };
		0271FB8021A144C2009066DE /* LaunchScreen.storyboard in Resources */ = {isa = PBXBuildFile; fileRef = 0271FB7E21A144C2009066DE /* LaunchScreen.storyboard */; };
		0271FB8B21A144C2009066DE /* RememberMeTests.swift in Sources */ = {isa = PBXBuildFile; fileRef = 0271FB8A21A144C2009066DE /* RememberMeTests.swift */; };
		0271FB9621A144C2009066DE /* RememberMeUITests.swift in Sources */ = {isa = PBXBuildFile; fileRef = 0271FB9521A144C2009066DE /* RememberMeUITests.swift */; };
		0271FBAD21A149F4009066DE /* Logger.swift in Sources */ = {isa = PBXBuildFile; fileRef = 0271FBAB21A149F4009066DE /* Logger.swift */; };
		0271FBAE21A149F4009066DE /* Logging.swift in Sources */ = {isa = PBXBuildFile; fileRef = 0271FBAC21A149F4009066DE /* Logging.swift */; };
		0271FBB421A14A68009066DE /* UIFontExtensions.swift in Sources */ = {isa = PBXBuildFile; fileRef = 0271FBB021A14A68009066DE /* UIFontExtensions.swift */; };
		0271FBB521A14A68009066DE /* DateFormatterExtensions.swift in Sources */ = {isa = PBXBuildFile; fileRef = 0271FBB121A14A68009066DE /* DateFormatterExtensions.swift */; };
		0271FBB621A14A68009066DE /* UIViewControllerExtensions.swift in Sources */ = {isa = PBXBuildFile; fileRef = 0271FBB221A14A68009066DE /* UIViewControllerExtensions.swift */; };
		0271FBB721A14A68009066DE /* UIViewExtensions.swift in Sources */ = {isa = PBXBuildFile; fileRef = 0271FBB321A14A68009066DE /* UIViewExtensions.swift */; };
		028883F021A259A700071B16 /* UIColorExtensions.swift in Sources */ = {isa = PBXBuildFile; fileRef = 028883EF21A259A700071B16 /* UIColorExtensions.swift */; };
		028883F221A259FF00071B16 /* StringExtensions.swift in Sources */ = {isa = PBXBuildFile; fileRef = 028883F121A259FF00071B16 /* StringExtensions.swift */; };
		02C8E99621A63D6F00A19D27 /* SwipeableCardView.xib in Resources */ = {isa = PBXBuildFile; fileRef = 02C8E99521A63D6F00A19D27 /* SwipeableCardView.xib */; };
		02C8E99821A648C500A19D27 /* SwipeableCard.swift in Sources */ = {isa = PBXBuildFile; fileRef = 02C8E99721A648C500A19D27 /* SwipeableCard.swift */; };
		02D2912C21A2996F00BA0DC5 /* AppColor.swift in Sources */ = {isa = PBXBuildFile; fileRef = 02D2912B21A2996F00BA0DC5 /* AppColor.swift */; };
		480FBAE65A1D8FF3AC338DF1 /* Pods_RememberMeTests.framework in Frameworks */ = {isa = PBXBuildFile; fileRef = 6D4DE4C98321C63D7F7B7FCA /* Pods_RememberMeTests.framework */; };
		98E942C89918936FC4D9ECA3 /* Pods_RememberMeUITests.framework in Frameworks */ = {isa = PBXBuildFile; fileRef = D45E0D57985105F9663A5F32 /* Pods_RememberMeUITests.framework */; };
		A95D13ED41AE584F0FEC8AE6 /* Pods_RememberMe.framework in Frameworks */ = {isa = PBXBuildFile; fileRef = 8FE4204C2E1687C7E28913FC /* Pods_RememberMe.framework */; };
/* End PBXBuildFile section */

/* Begin PBXContainerItemProxy section */
		0271FB8721A144C2009066DE /* PBXContainerItemProxy */ = {
			isa = PBXContainerItemProxy;
			containerPortal = 0271FB6A21A144C0009066DE /* Project object */;
			proxyType = 1;
			remoteGlobalIDString = 0271FB7121A144C0009066DE;
			remoteInfo = RememberMe;
		};
		0271FB9221A144C2009066DE /* PBXContainerItemProxy */ = {
			isa = PBXContainerItemProxy;
			containerPortal = 0271FB6A21A144C0009066DE /* Project object */;
			proxyType = 1;
			remoteGlobalIDString = 0271FB7121A144C0009066DE;
			remoteInfo = RememberMe;
		};
/* End PBXContainerItemProxy section */

/* Begin PBXFileReference section */
		0271FB7221A144C0009066DE /* RememberMe.app */ = {isa = PBXFileReference; explicitFileType = wrapper.application; includeInIndex = 0; path = RememberMe.app; sourceTree = BUILT_PRODUCTS_DIR; };
		0271FB7521A144C0009066DE /* AppDelegate.swift */ = {isa = PBXFileReference; lastKnownFileType = sourcecode.swift; path = AppDelegate.swift; sourceTree = "<group>"; };
		0271FB7721A144C0009066DE /* ViewController.swift */ = {isa = PBXFileReference; lastKnownFileType = sourcecode.swift; path = ViewController.swift; sourceTree = "<group>"; };
		0271FB7A21A144C0009066DE /* Base */ = {isa = PBXFileReference; lastKnownFileType = file.storyboard; name = Base; path = Base.lproj/Main.storyboard; sourceTree = "<group>"; };
		0271FB7C21A144C2009066DE /* Assets.xcassets */ = {isa = PBXFileReference; lastKnownFileType = folder.assetcatalog; path = Assets.xcassets; sourceTree = "<group>"; };
		0271FB7F21A144C2009066DE /* Base */ = {isa = PBXFileReference; lastKnownFileType = file.storyboard; name = Base; path = Base.lproj/LaunchScreen.storyboard; sourceTree = "<group>"; };
		0271FB8121A144C2009066DE /* Info.plist */ = {isa = PBXFileReference; lastKnownFileType = text.plist.xml; path = Info.plist; sourceTree = "<group>"; };
		0271FB8621A144C2009066DE /* RememberMeTests.xctest */ = {isa = PBXFileReference; explicitFileType = wrapper.cfbundle; includeInIndex = 0; path = RememberMeTests.xctest; sourceTree = BUILT_PRODUCTS_DIR; };
		0271FB8A21A144C2009066DE /* RememberMeTests.swift */ = {isa = PBXFileReference; lastKnownFileType = sourcecode.swift; path = RememberMeTests.swift; sourceTree = "<group>"; };
		0271FB8C21A144C2009066DE /* Info.plist */ = {isa = PBXFileReference; lastKnownFileType = text.plist.xml; path = Info.plist; sourceTree = "<group>"; };
		0271FB9121A144C2009066DE /* RememberMeUITests.xctest */ = {isa = PBXFileReference; explicitFileType = wrapper.cfbundle; includeInIndex = 0; path = RememberMeUITests.xctest; sourceTree = BUILT_PRODUCTS_DIR; };
		0271FB9521A144C2009066DE /* RememberMeUITests.swift */ = {isa = PBXFileReference; lastKnownFileType = sourcecode.swift; path = RememberMeUITests.swift; sourceTree = "<group>"; };
		0271FB9721A144C2009066DE /* Info.plist */ = {isa = PBXFileReference; lastKnownFileType = text.plist.xml; path = Info.plist; sourceTree = "<group>"; };
		0271FBAB21A149F4009066DE /* Logger.swift */ = {isa = PBXFileReference; fileEncoding = 4; lastKnownFileType = sourcecode.swift; path = Logger.swift; sourceTree = "<group>"; };
		0271FBAC21A149F4009066DE /* Logging.swift */ = {isa = PBXFileReference; fileEncoding = 4; lastKnownFileType = sourcecode.swift; path = Logging.swift; sourceTree = "<group>"; };
		0271FBB021A14A68009066DE /* UIFontExtensions.swift */ = {isa = PBXFileReference; fileEncoding = 4; lastKnownFileType = sourcecode.swift; path = UIFontExtensions.swift; sourceTree = "<group>"; };
		0271FBB121A14A68009066DE /* DateFormatterExtensions.swift */ = {isa = PBXFileReference; fileEncoding = 4; lastKnownFileType = sourcecode.swift; path = DateFormatterExtensions.swift; sourceTree = "<group>"; };
		0271FBB221A14A68009066DE /* UIViewControllerExtensions.swift */ = {isa = PBXFileReference; fileEncoding = 4; lastKnownFileType = sourcecode.swift; path = UIViewControllerExtensions.swift; sourceTree = "<group>"; };
		0271FBB321A14A68009066DE /* UIViewExtensions.swift */ = {isa = PBXFileReference; fileEncoding = 4; lastKnownFileType = sourcecode.swift; path = UIViewExtensions.swift; sourceTree = "<group>"; };
		0271FBB921A14AB8009066DE /* TitilliumWeb-ExtraLight.ttf */ = {isa = PBXFileReference; lastKnownFileType = file; path = "TitilliumWeb-ExtraLight.ttf"; sourceTree = "<group>"; };
		0271FBBA21A14AB8009066DE /* TitilliumWeb-Black.ttf */ = {isa = PBXFileReference; lastKnownFileType = file; path = "TitilliumWeb-Black.ttf"; sourceTree = "<group>"; };
		0271FBBB21A14AB8009066DE /* TitilliumWeb-LightItalic.ttf */ = {isa = PBXFileReference; lastKnownFileType = file; path = "TitilliumWeb-LightItalic.ttf"; sourceTree = "<group>"; };
		0271FBBC21A14AB9009066DE /* TitilliumWeb-ExtraLightItalic.ttf */ = {isa = PBXFileReference; lastKnownFileType = file; path = "TitilliumWeb-ExtraLightItalic.ttf"; sourceTree = "<group>"; };
		0271FBBD21A14AB9009066DE /* TitilliumWeb-Light.ttf */ = {isa = PBXFileReference; lastKnownFileType = file; path = "TitilliumWeb-Light.ttf"; sourceTree = "<group>"; };
		0271FBBE21A14AB9009066DE /* TitilliumWeb-BoldItalic.ttf */ = {isa = PBXFileReference; lastKnownFileType = file; path = "TitilliumWeb-BoldItalic.ttf"; sourceTree = "<group>"; };
		0271FBBF21A14AB9009066DE /* TitilliumWeb-SemiBold.ttf */ = {isa = PBXFileReference; lastKnownFileType = file; path = "TitilliumWeb-SemiBold.ttf"; sourceTree = "<group>"; };
		0271FBC021A14AB9009066DE /* fontawesome-webfont.ttf */ = {isa = PBXFileReference; lastKnownFileType = file; path = "fontawesome-webfont.ttf"; sourceTree = "<group>"; };
		0271FBC121A14AB9009066DE /* TitilliumWeb-SemiBoldItalic.ttf */ = {isa = PBXFileReference; lastKnownFileType = file; path = "TitilliumWeb-SemiBoldItalic.ttf"; sourceTree = "<group>"; };
		0271FBC221A14AB9009066DE /* TitilliumWeb-Bold.ttf */ = {isa = PBXFileReference; lastKnownFileType = file; path = "TitilliumWeb-Bold.ttf"; sourceTree = "<group>"; };
		0271FBC321A14AB9009066DE /* TitilliumWeb-Regular.ttf */ = {isa = PBXFileReference; lastKnownFileType = file; path = "TitilliumWeb-Regular.ttf"; sourceTree = "<group>"; };
		0271FBC421A14AB9009066DE /* TitilliumWeb-Italic.ttf */ = {isa = PBXFileReference; lastKnownFileType = file; path = "TitilliumWeb-Italic.ttf"; sourceTree = "<group>"; };
		028883EF21A259A700071B16 /* UIColorExtensions.swift */ = {isa = PBXFileReference; lastKnownFileType = sourcecode.swift; path = UIColorExtensions.swift; sourceTree = "<group>"; };
		028883F121A259FF00071B16 /* StringExtensions.swift */ = {isa = PBXFileReference; lastKnownFileType = sourcecode.swift; path = StringExtensions.swift; sourceTree = "<group>"; };
		02C8E99521A63D6F00A19D27 /* SwipeableCardView.xib */ = {isa = PBXFileReference; lastKnownFileType = file.xib; path = SwipeableCardView.xib; sourceTree = "<group>"; };
		02C8E99721A648C500A19D27 /* SwipeableCard.swift */ = {isa = PBXFileReference; lastKnownFileType = sourcecode.swift; path = SwipeableCard.swift; sourceTree = "<group>"; };
		02D2912B21A2996F00BA0DC5 /* AppColor.swift */ = {isa = PBXFileReference; lastKnownFileType = sourcecode.swift; path = AppColor.swift; sourceTree = "<group>"; };
		04D19CA4FE0A38A9AB06EAAE /* Pods-RememberMeTests.debug.xcconfig */ = {isa = PBXFileReference; includeInIndex = 1; lastKnownFileType = text.xcconfig; name = "Pods-RememberMeTests.debug.xcconfig"; path = "Pods/Target Support Files/Pods-RememberMeTests/Pods-RememberMeTests.debug.xcconfig"; sourceTree = "<group>"; };
		0D0B40E07001CDB36FC2811B /* Pods-RememberMeTests.release.xcconfig */ = {isa = PBXFileReference; includeInIndex = 1; lastKnownFileType = text.xcconfig; name = "Pods-RememberMeTests.release.xcconfig"; path = "Pods/Target Support Files/Pods-RememberMeTests/Pods-RememberMeTests.release.xcconfig"; sourceTree = "<group>"; };
		3D2A6709A68A2C1A6910A96D /* Pods-RememberMeUITests.debug.xcconfig */ = {isa = PBXFileReference; includeInIndex = 1; lastKnownFileType = text.xcconfig; name = "Pods-RememberMeUITests.debug.xcconfig"; path = "Pods/Target Support Files/Pods-RememberMeUITests/Pods-RememberMeUITests.debug.xcconfig"; sourceTree = "<group>"; };
		3FBEDC199E42C4491FE6A4C1 /* Pods-RememberMe.release.xcconfig */ = {isa = PBXFileReference; includeInIndex = 1; lastKnownFileType = text.xcconfig; name = "Pods-RememberMe.release.xcconfig"; path = "Pods/Target Support Files/Pods-RememberMe/Pods-RememberMe.release.xcconfig"; sourceTree = "<group>"; };
		6D4DE4C98321C63D7F7B7FCA /* Pods_RememberMeTests.framework */ = {isa = PBXFileReference; explicitFileType = wrapper.framework; includeInIndex = 0; path = Pods_RememberMeTests.framework; sourceTree = BUILT_PRODUCTS_DIR; };
		80BA2119EF54E680CA4BC7D7 /* Pods-RememberMe.debug.xcconfig */ = {isa = PBXFileReference; includeInIndex = 1; lastKnownFileType = text.xcconfig; name = "Pods-RememberMe.debug.xcconfig"; path = "Pods/Target Support Files/Pods-RememberMe/Pods-RememberMe.debug.xcconfig"; sourceTree = "<group>"; };
		8FE4204C2E1687C7E28913FC /* Pods_RememberMe.framework */ = {isa = PBXFileReference; explicitFileType = wrapper.framework; includeInIndex = 0; path = Pods_RememberMe.framework; sourceTree = BUILT_PRODUCTS_DIR; };
		B6B6FF20E395F6513392EA4A /* Pods-RememberMeUITests.release.xcconfig */ = {isa = PBXFileReference; includeInIndex = 1; lastKnownFileType = text.xcconfig; name = "Pods-RememberMeUITests.release.xcconfig"; path = "Pods/Target Support Files/Pods-RememberMeUITests/Pods-RememberMeUITests.release.xcconfig"; sourceTree = "<group>"; };
		D45E0D57985105F9663A5F32 /* Pods_RememberMeUITests.framework */ = {isa = PBXFileReference; explicitFileType = wrapper.framework; includeInIndex = 0; path = Pods_RememberMeUITests.framework; sourceTree = BUILT_PRODUCTS_DIR; };
/* End PBXFileReference section */

/* Begin PBXFrameworksBuildPhase section */
		0271FB6F21A144C0009066DE /* Frameworks */ = {
			isa = PBXFrameworksBuildPhase;
			buildActionMask = 2147483647;
			files = (
				A95D13ED41AE584F0FEC8AE6 /* Pods_RememberMe.framework in Frameworks */,
			);
			runOnlyForDeploymentPostprocessing = 0;
		};
		0271FB8321A144C2009066DE /* Frameworks */ = {
			isa = PBXFrameworksBuildPhase;
			buildActionMask = 2147483647;
			files = (
				480FBAE65A1D8FF3AC338DF1 /* Pods_RememberMeTests.framework in Frameworks */,
			);
			runOnlyForDeploymentPostprocessing = 0;
		};
		0271FB8E21A144C2009066DE /* Frameworks */ = {
			isa = PBXFrameworksBuildPhase;
			buildActionMask = 2147483647;
			files = (
				98E942C89918936FC4D9ECA3 /* Pods_RememberMeUITests.framework in Frameworks */,
			);
			runOnlyForDeploymentPostprocessing = 0;
		};
/* End PBXFrameworksBuildPhase section */

/* Begin PBXGroup section */
		0271FB6921A144C0009066DE = {
			isa = PBXGroup;
			children = (
				0271FB7421A144C0009066DE /* RememberMe */,
				0271FB8921A144C2009066DE /* RememberMeTests */,
				0271FB9421A144C2009066DE /* RememberMeUITests */,
				0271FB7321A144C0009066DE /* Products */,
				CB6FEB197B3D46790BBDE1CB /* Pods */,
				159032C4F7C9380367675E1A /* Frameworks */,
			);
			sourceTree = "<group>";
		};
		0271FB7321A144C0009066DE /* Products */ = {
			isa = PBXGroup;
			children = (
				0271FB7221A144C0009066DE /* RememberMe.app */,
				0271FB8621A144C2009066DE /* RememberMeTests.xctest */,
				0271FB9121A144C2009066DE /* RememberMeUITests.xctest */,
			);
			name = Products;
			sourceTree = "<group>";
		};
		0271FB7421A144C0009066DE /* RememberMe */ = {
			isa = PBXGroup;
			children = (
				0271FBA321A144EB009066DE /* Classes */,
				0271FBA421A14500009066DE /* Resources */,
				0271FB7921A144C0009066DE /* Main.storyboard */,
				0271FB7E21A144C2009066DE /* LaunchScreen.storyboard */,
				0271FB8121A144C2009066DE /* Info.plist */,
			);
			path = RememberMe;
			sourceTree = "<group>";
		};
		0271FB8921A144C2009066DE /* RememberMeTests */ = {
			isa = PBXGroup;
			children = (
				0271FB8A21A144C2009066DE /* RememberMeTests.swift */,
				0271FB8C21A144C2009066DE /* Info.plist */,
			);
			path = RememberMeTests;
			sourceTree = "<group>";
		};
		0271FB9421A144C2009066DE /* RememberMeUITests */ = {
			isa = PBXGroup;
			children = (
				0271FB9521A144C2009066DE /* RememberMeUITests.swift */,
				0271FB9721A144C2009066DE /* Info.plist */,
			);
			path = RememberMeUITests;
			sourceTree = "<group>";
		};
		0271FBA321A144EB009066DE /* Classes */ = {
			isa = PBXGroup;
			children = (
				02C8E99421A63B7100A19D27 /* Views */,
				0271FBAF21A14A29009066DE /* Extensions */,
				0271FBA921A145AB009066DE /* ViewModels */,
				0271FBA821A145A4009066DE /* Models */,
				0271FBA721A14596009066DE /* ViewControllers */,
				0271FBA521A14559009066DE /* Utils */,
				0271FB7521A144C0009066DE /* AppDelegate.swift */,
			);
			path = Classes;
			sourceTree = "<group>";
		};
		0271FBA421A14500009066DE /* Resources */ = {
			isa = PBXGroup;
			children = (
				0271FBB821A14AA7009066DE /* Fonts */,
				0271FB7C21A144C2009066DE /* Assets.xcassets */,
			);
			path = Resources;
			sourceTree = "<group>";
		};
		0271FBA521A14559009066DE /* Utils */ = {
			isa = PBXGroup;
			children = (
				02D2912A21A2995100BA0DC5 /* Color */,
				0271FBAA21A149C7009066DE /* Logging */,
			);
			path = Utils;
			sourceTree = "<group>";
		};
		0271FBA721A14596009066DE /* ViewControllers */ = {
			isa = PBXGroup;
			children = (
				0271FB7721A144C0009066DE /* ViewController.swift */,
			);
			path = ViewControllers;
			sourceTree = "<group>";
		};
		0271FBA821A145A4009066DE /* Models */ = {
			isa = PBXGroup;
			children = (
			);
			path = Models;
			sourceTree = "<group>";
		};
		0271FBA921A145AB009066DE /* ViewModels */ = {
			isa = PBXGroup;
			children = (
			);
			path = ViewModels;
			sourceTree = "<group>";
		};
		0271FBAA21A149C7009066DE /* Logging */ = {
			isa = PBXGroup;
			children = (
				0271FBAB21A149F4009066DE /* Logger.swift */,
				0271FBAC21A149F4009066DE /* Logging.swift */,
			);
			path = Logging;
			sourceTree = "<group>";
		};
		0271FBAF21A14A29009066DE /* Extensions */ = {
			isa = PBXGroup;
			children = (
				0271FBB121A14A68009066DE /* DateFormatterExtensions.swift */,
				0271FBB021A14A68009066DE /* UIFontExtensions.swift */,
				0271FBB221A14A68009066DE /* UIViewControllerExtensions.swift */,
				0271FBB321A14A68009066DE /* UIViewExtensions.swift */,
				028883F121A259FF00071B16 /* StringExtensions.swift */,
			);
			path = Extensions;
			sourceTree = "<group>";
		};
		0271FBB821A14AA7009066DE /* Fonts */ = {
			isa = PBXGroup;
			children = (
				0271FBC021A14AB9009066DE /* fontawesome-webfont.ttf */,
				0271FBBA21A14AB8009066DE /* TitilliumWeb-Black.ttf */,
				0271FBC221A14AB9009066DE /* TitilliumWeb-Bold.ttf */,
				0271FBBE21A14AB9009066DE /* TitilliumWeb-BoldItalic.ttf */,
				0271FBB921A14AB8009066DE /* TitilliumWeb-ExtraLight.ttf */,
				0271FBBC21A14AB9009066DE /* TitilliumWeb-ExtraLightItalic.ttf */,
				0271FBC421A14AB9009066DE /* TitilliumWeb-Italic.ttf */,
				0271FBBD21A14AB9009066DE /* TitilliumWeb-Light.ttf */,
				0271FBBB21A14AB8009066DE /* TitilliumWeb-LightItalic.ttf */,
				0271FBC321A14AB9009066DE /* TitilliumWeb-Regular.ttf */,
				0271FBBF21A14AB9009066DE /* TitilliumWeb-SemiBold.ttf */,
				0271FBC121A14AB9009066DE /* TitilliumWeb-SemiBoldItalic.ttf */,
			);
			path = Fonts;
			sourceTree = "<group>";
		};
		02C8E99421A63B7100A19D27 /* Views */ = {
			isa = PBXGroup;
			children = (
				02C8E99521A63D6F00A19D27 /* SwipeableCardView.xib */,
				02C8E99721A648C500A19D27 /* SwipeableCard.swift */,
			);
			path = Views;
			sourceTree = "<group>";
		};
		02D2912A21A2995100BA0DC5 /* Color */ = {
			isa = PBXGroup;
			children = (
				028883EF21A259A700071B16 /* UIColorExtensions.swift */,
				02D2912B21A2996F00BA0DC5 /* AppColor.swift */,
			);
			path = Color;
			sourceTree = "<group>";
		};
		159032C4F7C9380367675E1A /* Frameworks */ = {
			isa = PBXGroup;
			children = (
				8FE4204C2E1687C7E28913FC /* Pods_RememberMe.framework */,
				6D4DE4C98321C63D7F7B7FCA /* Pods_RememberMeTests.framework */,
				D45E0D57985105F9663A5F32 /* Pods_RememberMeUITests.framework */,
			);
			name = Frameworks;
			sourceTree = "<group>";
		};
		CB6FEB197B3D46790BBDE1CB /* Pods */ = {
			isa = PBXGroup;
			children = (
				80BA2119EF54E680CA4BC7D7 /* Pods-RememberMe.debug.xcconfig */,
				3FBEDC199E42C4491FE6A4C1 /* Pods-RememberMe.release.xcconfig */,
				04D19CA4FE0A38A9AB06EAAE /* Pods-RememberMeTests.debug.xcconfig */,
				0D0B40E07001CDB36FC2811B /* Pods-RememberMeTests.release.xcconfig */,
				3D2A6709A68A2C1A6910A96D /* Pods-RememberMeUITests.debug.xcconfig */,
				B6B6FF20E395F6513392EA4A /* Pods-RememberMeUITests.release.xcconfig */,
			);
			name = Pods;
			sourceTree = "<group>";
		};
/* End PBXGroup section */

/* Begin PBXNativeTarget section */
		0271FB7121A144C0009066DE /* RememberMe */ = {
			isa = PBXNativeTarget;
			buildConfigurationList = 0271FB9A21A144C2009066DE /* Build configuration list for PBXNativeTarget "RememberMe" */;
			buildPhases = (
				571B3416568D2771022B5CD3 /* [CP] Check Pods Manifest.lock */,
				0271FB6E21A144C0009066DE /* Sources */,
				0271FB6F21A144C0009066DE /* Frameworks */,
				0271FB7021A144C0009066DE /* Resources */,
				1EAD0A1664099F2FE3BFEA70 /* [CP] Embed Pods Frameworks */,
			);
			buildRules = (
			);
			dependencies = (
			);
			name = RememberMe;
			productName = RememberMe;
			productReference = 0271FB7221A144C0009066DE /* RememberMe.app */;
			productType = "com.apple.product-type.application";
		};
		0271FB8521A144C2009066DE /* RememberMeTests */ = {
			isa = PBXNativeTarget;
			buildConfigurationList = 0271FB9D21A144C2009066DE /* Build configuration list for PBXNativeTarget "RememberMeTests" */;
			buildPhases = (
				C930A5F8696EE1A28B0F5081 /* [CP] Check Pods Manifest.lock */,
				0271FB8221A144C2009066DE /* Sources */,
				0271FB8321A144C2009066DE /* Frameworks */,
				0271FB8421A144C2009066DE /* Resources */,
			);
			buildRules = (
			);
			dependencies = (
				0271FB8821A144C2009066DE /* PBXTargetDependency */,
			);
			name = RememberMeTests;
			productName = RememberMeTests;
			productReference = 0271FB8621A144C2009066DE /* RememberMeTests.xctest */;
			productType = "com.apple.product-type.bundle.unit-test";
		};
		0271FB9021A144C2009066DE /* RememberMeUITests */ = {
			isa = PBXNativeTarget;
			buildConfigurationList = 0271FBA021A144C2009066DE /* Build configuration list for PBXNativeTarget "RememberMeUITests" */;
			buildPhases = (
				3935DCE32487281AC265E833 /* [CP] Check Pods Manifest.lock */,
				0271FB8D21A144C2009066DE /* Sources */,
				0271FB8E21A144C2009066DE /* Frameworks */,
				0271FB8F21A144C2009066DE /* Resources */,
			);
			buildRules = (
			);
			dependencies = (
				0271FB9321A144C2009066DE /* PBXTargetDependency */,
			);
			name = RememberMeUITests;
			productName = RememberMeUITests;
			productReference = 0271FB9121A144C2009066DE /* RememberMeUITests.xctest */;
			productType = "com.apple.product-type.bundle.ui-testing";
		};
/* End PBXNativeTarget section */

/* Begin PBXProject section */
		0271FB6A21A144C0009066DE /* Project object */ = {
			isa = PBXProject;
			attributes = {
				LastSwiftUpdateCheck = 1010;
				LastUpgradeCheck = 1010;
				ORGANIZATIONNAME = DevWithLove.com;
				TargetAttributes = {
					0271FB7121A144C0009066DE = {
						CreatedOnToolsVersion = 10.1;
					};
					0271FB8521A144C2009066DE = {
						CreatedOnToolsVersion = 10.1;
						TestTargetID = 0271FB7121A144C0009066DE;
					};
					0271FB9021A144C2009066DE = {
						CreatedOnToolsVersion = 10.1;
						TestTargetID = 0271FB7121A144C0009066DE;
					};
				};
			};
			buildConfigurationList = 0271FB6D21A144C0009066DE /* Build configuration list for PBXProject "RememberMe" */;
			compatibilityVersion = "Xcode 9.3";
			developmentRegion = en;
			hasScannedForEncodings = 0;
			knownRegions = (
				en,
				Base,
			);
			mainGroup = 0271FB6921A144C0009066DE;
			productRefGroup = 0271FB7321A144C0009066DE /* Products */;
			projectDirPath = "";
			projectRoot = "";
			targets = (
				0271FB7121A144C0009066DE /* RememberMe */,
				0271FB8521A144C2009066DE /* RememberMeTests */,
				0271FB9021A144C2009066DE /* RememberMeUITests */,
			);
		};
/* End PBXProject section */

/* Begin PBXResourcesBuildPhase section */
		0271FB7021A144C0009066DE /* Resources */ = {
			isa = PBXResourcesBuildPhase;
			buildActionMask = 2147483647;
			files = (
				02C8E99621A63D6F00A19D27 /* SwipeableCardView.xib in Resources */,
				0271FB8021A144C2009066DE /* LaunchScreen.storyboard in Resources */,
				0271FB7D21A144C2009066DE /* Assets.xcassets in Resources */,
				0271FB7B21A144C0009066DE /* Main.storyboard in Resources */,
			);
			runOnlyForDeploymentPostprocessing = 0;
		};
		0271FB8421A144C2009066DE /* Resources */ = {
			isa = PBXResourcesBuildPhase;
			buildActionMask = 2147483647;
			files = (
			);
			runOnlyForDeploymentPostprocessing = 0;
		};
		0271FB8F21A144C2009066DE /* Resources */ = {
			isa = PBXResourcesBuildPhase;
			buildActionMask = 2147483647;
			files = (
			);
			runOnlyForDeploymentPostprocessing = 0;
		};
/* End PBXResourcesBuildPhase section */

/* Begin PBXShellScriptBuildPhase section */
		1EAD0A1664099F2FE3BFEA70 /* [CP] Embed Pods Frameworks */ = {
			isa = PBXShellScriptBuildPhase;
			buildActionMask = 2147483647;
			files = (
			);
			inputPaths = (
				"${SRCROOT}/Pods/Target Support Files/Pods-RememberMe/Pods-RememberMe-frameworks.sh",
				"${BUILT_PRODUCTS_DIR}/Koloda/Koloda.framework",
				"${BUILT_PRODUCTS_DIR}/pop/pop.framework",
			);
			name = "[CP] Embed Pods Frameworks";
			outputPaths = (
				"${TARGET_BUILD_DIR}/${FRAMEWORKS_FOLDER_PATH}/Koloda.framework",
				"${TARGET_BUILD_DIR}/${FRAMEWORKS_FOLDER_PATH}/pop.framework",
			);
			runOnlyForDeploymentPostprocessing = 0;
			shellPath = /bin/sh;
			shellScript = "\"${SRCROOT}/Pods/Target Support Files/Pods-RememberMe/Pods-RememberMe-frameworks.sh\"\n";
			showEnvVarsInLog = 0;
		};
		3935DCE32487281AC265E833 /* [CP] Check Pods Manifest.lock */ = {
			isa = PBXShellScriptBuildPhase;
			buildActionMask = 2147483647;
			files = (
			);
			inputPaths = (
				"${PODS_PODFILE_DIR_PATH}/Podfile.lock",
				"${PODS_ROOT}/Manifest.lock",
			);
			name = "[CP] Check Pods Manifest.lock";
			outputPaths = (
				"$(DERIVED_FILE_DIR)/Pods-RememberMeUITests-checkManifestLockResult.txt",
			);
			runOnlyForDeploymentPostprocessing = 0;
			shellPath = /bin/sh;
			shellScript = "diff \"${PODS_PODFILE_DIR_PATH}/Podfile.lock\" \"${PODS_ROOT}/Manifest.lock\" > /dev/null\nif [ $? != 0 ] ; then\n    # print error to STDERR\n    echo \"error: The sandbox is not in sync with the Podfile.lock. Run 'pod install' or update your CocoaPods installation.\" >&2\n    exit 1\nfi\n# This output is used by Xcode 'outputs' to avoid re-running this script phase.\necho \"SUCCESS\" > \"${SCRIPT_OUTPUT_FILE_0}\"\n";
			showEnvVarsInLog = 0;
		};
		571B3416568D2771022B5CD3 /* [CP] Check Pods Manifest.lock */ = {
			isa = PBXShellScriptBuildPhase;
			buildActionMask = 2147483647;
			files = (
			);
			inputPaths = (
				"${PODS_PODFILE_DIR_PATH}/Podfile.lock",
				"${PODS_ROOT}/Manifest.lock",
			);
			name = "[CP] Check Pods Manifest.lock";
			outputPaths = (
				"$(DERIVED_FILE_DIR)/Pods-RememberMe-checkManifestLockResult.txt",
			);
			runOnlyForDeploymentPostprocessing = 0;
			shellPath = /bin/sh;
			shellScript = "diff \"${PODS_PODFILE_DIR_PATH}/Podfile.lock\" \"${PODS_ROOT}/Manifest.lock\" > /dev/null\nif [ $? != 0 ] ; then\n    # print error to STDERR\n    echo \"error: The sandbox is not in sync with the Podfile.lock. Run 'pod install' or update your CocoaPods installation.\" >&2\n    exit 1\nfi\n# This output is used by Xcode 'outputs' to avoid re-running this script phase.\necho \"SUCCESS\" > \"${SCRIPT_OUTPUT_FILE_0}\"\n";
			showEnvVarsInLog = 0;
		};
		C930A5F8696EE1A28B0F5081 /* [CP] Check Pods Manifest.lock */ = {
			isa = PBXShellScriptBuildPhase;
			buildActionMask = 2147483647;
			files = (
			);
			inputPaths = (
				"${PODS_PODFILE_DIR_PATH}/Podfile.lock",
				"${PODS_ROOT}/Manifest.lock",
			);
			name = "[CP] Check Pods Manifest.lock";
			outputPaths = (
				"$(DERIVED_FILE_DIR)/Pods-RememberMeTests-checkManifestLockResult.txt",
			);
			runOnlyForDeploymentPostprocessing = 0;
			shellPath = /bin/sh;
			shellScript = "diff \"${PODS_PODFILE_DIR_PATH}/Podfile.lock\" \"${PODS_ROOT}/Manifest.lock\" > /dev/null\nif [ $? != 0 ] ; then\n    # print error to STDERR\n    echo \"error: The sandbox is not in sync with the Podfile.lock. Run 'pod install' or update your CocoaPods installation.\" >&2\n    exit 1\nfi\n# This output is used by Xcode 'outputs' to avoid re-running this script phase.\necho \"SUCCESS\" > \"${SCRIPT_OUTPUT_FILE_0}\"\n";
			showEnvVarsInLog = 0;
		};
/* End PBXShellScriptBuildPhase section */

/* Begin PBXSourcesBuildPhase section */
		0271FB6E21A144C0009066DE /* Sources */ = {
			isa = PBXSourcesBuildPhase;
			buildActionMask = 2147483647;
			files = (
				028883F021A259A700071B16 /* UIColorExtensions.swift in Sources */,
				0271FB7821A144C0009066DE /* ViewController.swift in Sources */,
				028883F221A259FF00071B16 /* StringExtensions.swift in Sources */,
				0271FBAD21A149F4009066DE /* Logger.swift in Sources */,
				02C8E99821A648C500A19D27 /* SwipeableCard.swift in Sources */,
				0271FBB721A14A68009066DE /* UIViewExtensions.swift in Sources */,
				0271FBB421A14A68009066DE /* UIFontExtensions.swift in Sources */,
				0271FB7621A144C0009066DE /* AppDelegate.swift in Sources */,
				0271FBB521A14A68009066DE /* DateFormatterExtensions.swift in Sources */,
				0271FBAE21A149F4009066DE /* Logging.swift in Sources */,
				02D2912C21A2996F00BA0DC5 /* AppColor.swift in Sources */,
				0271FBB621A14A68009066DE /* UIViewControllerExtensions.swift in Sources */,
			);
			runOnlyForDeploymentPostprocessing = 0;
		};
		0271FB8221A144C2009066DE /* Sources */ = {
			isa = PBXSourcesBuildPhase;
			buildActionMask = 2147483647;
			files = (
				0271FB8B21A144C2009066DE /* RememberMeTests.swift in Sources */,
			);
			runOnlyForDeploymentPostprocessing = 0;
		};
		0271FB8D21A144C2009066DE /* Sources */ = {
			isa = PBXSourcesBuildPhase;
			buildActionMask = 2147483647;
			files = (
				0271FB9621A144C2009066DE /* RememberMeUITests.swift in Sources */,
			);
			runOnlyForDeploymentPostprocessing = 0;
		};
/* End PBXSourcesBuildPhase section */

/* Begin PBXTargetDependency section */
		0271FB8821A144C2009066DE /* PBXTargetDependency */ = {
			isa = PBXTargetDependency;
			target = 0271FB7121A144C0009066DE /* RememberMe */;
			targetProxy = 0271FB8721A144C2009066DE /* PBXContainerItemProxy */;
		};
		0271FB9321A144C2009066DE /* PBXTargetDependency */ = {
			isa = PBXTargetDependency;
			target = 0271FB7121A144C0009066DE /* RememberMe */;
			targetProxy = 0271FB9221A144C2009066DE /* PBXContainerItemProxy */;
		};
/* End PBXTargetDependency section */

/* Begin PBXVariantGroup section */
		0271FB7921A144C0009066DE /* Main.storyboard */ = {
			isa = PBXVariantGroup;
			children = (
				0271FB7A21A144C0009066DE /* Base */,
			);
			name = Main.storyboard;
			sourceTree = "<group>";
		};
		0271FB7E21A144C2009066DE /* LaunchScreen.storyboard */ = {
			isa = PBXVariantGroup;
			children = (
				0271FB7F21A144C2009066DE /* Base */,
			);
			name = LaunchScreen.storyboard;
			sourceTree = "<group>";
		};
/* End PBXVariantGroup section */

/* Begin XCBuildConfiguration section */
		0271FB9821A144C2009066DE /* Debug */ = {
			isa = XCBuildConfiguration;
			buildSettings = {
				ALWAYS_SEARCH_USER_PATHS = NO;
				CLANG_ANALYZER_NONNULL = YES;
				CLANG_ANALYZER_NUMBER_OBJECT_CONVERSION = YES_AGGRESSIVE;
				CLANG_CXX_LANGUAGE_STANDARD = "gnu++14";
				CLANG_CXX_LIBRARY = "libc++";
				CLANG_ENABLE_MODULES = YES;
				CLANG_ENABLE_OBJC_ARC = YES;
				CLANG_ENABLE_OBJC_WEAK = YES;
				CLANG_WARN_BLOCK_CAPTURE_AUTORELEASING = YES;
				CLANG_WARN_BOOL_CONVERSION = YES;
				CLANG_WARN_COMMA = YES;
				CLANG_WARN_CONSTANT_CONVERSION = YES;
				CLANG_WARN_DEPRECATED_OBJC_IMPLEMENTATIONS = YES;
				CLANG_WARN_DIRECT_OBJC_ISA_USAGE = YES_ERROR;
				CLANG_WARN_DOCUMENTATION_COMMENTS = YES;
				CLANG_WARN_EMPTY_BODY = YES;
				CLANG_WARN_ENUM_CONVERSION = YES;
				CLANG_WARN_INFINITE_RECURSION = YES;
				CLANG_WARN_INT_CONVERSION = YES;
				CLANG_WARN_NON_LITERAL_NULL_CONVERSION = YES;
				CLANG_WARN_OBJC_IMPLICIT_RETAIN_SELF = YES;
				CLANG_WARN_OBJC_LITERAL_CONVERSION = YES;
				CLANG_WARN_OBJC_ROOT_CLASS = YES_ERROR;
				CLANG_WARN_RANGE_LOOP_ANALYSIS = YES;
				CLANG_WARN_STRICT_PROTOTYPES = YES;
				CLANG_WARN_SUSPICIOUS_MOVE = YES;
				CLANG_WARN_UNGUARDED_AVAILABILITY = YES_AGGRESSIVE;
				CLANG_WARN_UNREACHABLE_CODE = YES;
				CLANG_WARN__DUPLICATE_METHOD_MATCH = YES;
				CODE_SIGN_IDENTITY = "iPhone Developer";
				COPY_PHASE_STRIP = NO;
				DEBUG_INFORMATION_FORMAT = dwarf;
				ENABLE_STRICT_OBJC_MSGSEND = YES;
				ENABLE_TESTABILITY = YES;
				GCC_C_LANGUAGE_STANDARD = gnu11;
				GCC_DYNAMIC_NO_PIC = NO;
				GCC_NO_COMMON_BLOCKS = YES;
				GCC_OPTIMIZATION_LEVEL = 0;
				GCC_PREPROCESSOR_DEFINITIONS = (
					"DEBUG=1",
					"$(inherited)",
				);
				GCC_WARN_64_TO_32_BIT_CONVERSION = YES;
				GCC_WARN_ABOUT_RETURN_TYPE = YES_ERROR;
				GCC_WARN_UNDECLARED_SELECTOR = YES;
				GCC_WARN_UNINITIALIZED_AUTOS = YES_AGGRESSIVE;
				GCC_WARN_UNUSED_FUNCTION = YES;
				GCC_WARN_UNUSED_VARIABLE = YES;
				IPHONEOS_DEPLOYMENT_TARGET = 12.1;
				MTL_ENABLE_DEBUG_INFO = INCLUDE_SOURCE;
				MTL_FAST_MATH = YES;
				ONLY_ACTIVE_ARCH = YES;
				SDKROOT = iphoneos;
				SWIFT_ACTIVE_COMPILATION_CONDITIONS = DEBUG;
				SWIFT_OPTIMIZATION_LEVEL = "-Onone";
			};
			name = Debug;
		};
		0271FB9921A144C2009066DE /* Release */ = {
			isa = XCBuildConfiguration;
			buildSettings = {
				ALWAYS_SEARCH_USER_PATHS = NO;
				CLANG_ANALYZER_NONNULL = YES;
				CLANG_ANALYZER_NUMBER_OBJECT_CONVERSION = YES_AGGRESSIVE;
				CLANG_CXX_LANGUAGE_STANDARD = "gnu++14";
				CLANG_CXX_LIBRARY = "libc++";
				CLANG_ENABLE_MODULES = YES;
				CLANG_ENABLE_OBJC_ARC = YES;
				CLANG_ENABLE_OBJC_WEAK = YES;
				CLANG_WARN_BLOCK_CAPTURE_AUTORELEASING = YES;
				CLANG_WARN_BOOL_CONVERSION = YES;
				CLANG_WARN_COMMA = YES;
				CLANG_WARN_CONSTANT_CONVERSION = YES;
				CLANG_WARN_DEPRECATED_OBJC_IMPLEMENTATIONS = YES;
				CLANG_WARN_DIRECT_OBJC_ISA_USAGE = YES_ERROR;
				CLANG_WARN_DOCUMENTATION_COMMENTS = YES;
				CLANG_WARN_EMPTY_BODY = YES;
				CLANG_WARN_ENUM_CONVERSION = YES;
				CLANG_WARN_INFINITE_RECURSION = YES;
				CLANG_WARN_INT_CONVERSION = YES;
				CLANG_WARN_NON_LITERAL_NULL_CONVERSION = YES;
				CLANG_WARN_OBJC_IMPLICIT_RETAIN_SELF = YES;
				CLANG_WARN_OBJC_LITERAL_CONVERSION = YES;
				CLANG_WARN_OBJC_ROOT_CLASS = YES_ERROR;
				CLANG_WARN_RANGE_LOOP_ANALYSIS = YES;
				CLANG_WARN_STRICT_PROTOTYPES = YES;
				CLANG_WARN_SUSPICIOUS_MOVE = YES;
				CLANG_WARN_UNGUARDED_AVAILABILITY = YES_AGGRESSIVE;
				CLANG_WARN_UNREACHABLE_CODE = YES;
				CLANG_WARN__DUPLICATE_METHOD_MATCH = YES;
				CODE_SIGN_IDENTITY = "iPhone Developer";
				COPY_PHASE_STRIP = NO;
				DEBUG_INFORMATION_FORMAT = "dwarf-with-dsym";
				ENABLE_NS_ASSERTIONS = NO;
				ENABLE_STRICT_OBJC_MSGSEND = YES;
				GCC_C_LANGUAGE_STANDARD = gnu11;
				GCC_NO_COMMON_BLOCKS = YES;
				GCC_WARN_64_TO_32_BIT_CONVERSION = YES;
				GCC_WARN_ABOUT_RETURN_TYPE = YES_ERROR;
				GCC_WARN_UNDECLARED_SELECTOR = YES;
				GCC_WARN_UNINITIALIZED_AUTOS = YES_AGGRESSIVE;
				GCC_WARN_UNUSED_FUNCTION = YES;
				GCC_WARN_UNUSED_VARIABLE = YES;
				IPHONEOS_DEPLOYMENT_TARGET = 12.1;
				MTL_ENABLE_DEBUG_INFO = NO;
				MTL_FAST_MATH = YES;
				SDKROOT = iphoneos;
				SWIFT_COMPILATION_MODE = wholemodule;
				SWIFT_OPTIMIZATION_LEVEL = "-O";
				VALIDATE_PRODUCT = YES;
			};
			name = Release;
		};
		0271FB9B21A144C2009066DE /* Debug */ = {
			isa = XCBuildConfiguration;
			baseConfigurationReference = 80BA2119EF54E680CA4BC7D7 /* Pods-RememberMe.debug.xcconfig */;
			buildSettings = {
				ASSETCATALOG_COMPILER_APPICON_NAME = AppIcon;
				CODE_SIGN_STYLE = Automatic;
				DEVELOPMENT_TEAM = 3PHP3XA64F;
				INFOPLIST_FILE = RememberMe/Info.plist;
				IPHONEOS_DEPLOYMENT_TARGET = 11.0;
				LD_RUNPATH_SEARCH_PATHS = (
					"$(inherited)",
					"@executable_path/Frameworks",
				);
				PRODUCT_BUNDLE_IDENTIFIER = DevWithLove.com.RememberMe;
				PRODUCT_NAME = "$(TARGET_NAME)";
				SWIFT_VERSION = 4.2;
				TARGETED_DEVICE_FAMILY = "1,2";
			};
			name = Debug;
		};
		0271FB9C21A144C2009066DE /* Release */ = {
			isa = XCBuildConfiguration;
			baseConfigurationReference = 3FBEDC199E42C4491FE6A4C1 /* Pods-RememberMe.release.xcconfig */;
			buildSettings = {
				ASSETCATALOG_COMPILER_APPICON_NAME = AppIcon;
				CODE_SIGN_STYLE = Automatic;
				DEVELOPMENT_TEAM = 3PHP3XA64F;
				INFOPLIST_FILE = RememberMe/Info.plist;
				IPHONEOS_DEPLOYMENT_TARGET = 11.0;
				LD_RUNPATH_SEARCH_PATHS = (
					"$(inherited)",
					"@executable_path/Frameworks",
				);
				PRODUCT_BUNDLE_IDENTIFIER = DevWithLove.com.RememberMe;
				PRODUCT_NAME = "$(TARGET_NAME)";
				SWIFT_VERSION = 4.2;
				TARGETED_DEVICE_FAMILY = "1,2";
			};
			name = Release;
		};
		0271FB9E21A144C2009066DE /* Debug */ = {
			isa = XCBuildConfiguration;
			baseConfigurationReference = 04D19CA4FE0A38A9AB06EAAE /* Pods-RememberMeTests.debug.xcconfig */;
			buildSettings = {
				ALWAYS_EMBED_SWIFT_STANDARD_LIBRARIES = YES;
				BUNDLE_LOADER = "$(TEST_HOST)";
				CODE_SIGN_STYLE = Automatic;
				DEVELOPMENT_TEAM = 3PHP3XA64F;
				INFOPLIST_FILE = RememberMeTests/Info.plist;
				LD_RUNPATH_SEARCH_PATHS = (
					"$(inherited)",
					"@executable_path/Frameworks",
					"@loader_path/Frameworks",
				);
				PRODUCT_BUNDLE_IDENTIFIER = DevWithLove.com.RememberMeTests;
				PRODUCT_NAME = "$(TARGET_NAME)";
				SWIFT_VERSION = 4.2;
				TARGETED_DEVICE_FAMILY = "1,2";
				TEST_HOST = "$(BUILT_PRODUCTS_DIR)/RememberMe.app/RememberMe";
			};
			name = Debug;
		};
		0271FB9F21A144C2009066DE /* Release */ = {
			isa = XCBuildConfiguration;
			baseConfigurationReference = 0D0B40E07001CDB36FC2811B /* Pods-RememberMeTests.release.xcconfig */;
			buildSettings = {
				ALWAYS_EMBED_SWIFT_STANDARD_LIBRARIES = YES;
				BUNDLE_LOADER = "$(TEST_HOST)";
				CODE_SIGN_STYLE = Automatic;
				DEVELOPMENT_TEAM = 3PHP3XA64F;
				INFOPLIST_FILE = RememberMeTests/Info.plist;
				LD_RUNPATH_SEARCH_PATHS = (
					"$(inherited)",
					"@executable_path/Frameworks",
					"@loader_path/Frameworks",
				);
				PRODUCT_BUNDLE_IDENTIFIER = DevWithLove.com.RememberMeTests;
				PRODUCT_NAME = "$(TARGET_NAME)";
				SWIFT_VERSION = 4.2;
				TARGETED_DEVICE_FAMILY = "1,2";
				TEST_HOST = "$(BUILT_PRODUCTS_DIR)/RememberMe.app/RememberMe";
			};
			name = Release;
		};
		0271FBA121A144C2009066DE /* Debug */ = {
			isa = XCBuildConfiguration;
			baseConfigurationReference = 3D2A6709A68A2C1A6910A96D /* Pods-RememberMeUITests.debug.xcconfig */;
			buildSettings = {
				ALWAYS_EMBED_SWIFT_STANDARD_LIBRARIES = YES;
				CODE_SIGN_STYLE = Automatic;
				DEVELOPMENT_TEAM = 3PHP3XA64F;
				INFOPLIST_FILE = RememberMeUITests/Info.plist;
				LD_RUNPATH_SEARCH_PATHS = (
					"$(inherited)",
					"@executable_path/Frameworks",
					"@loader_path/Frameworks",
				);
				PRODUCT_BUNDLE_IDENTIFIER = DevWithLove.com.RememberMeUITests;
				PRODUCT_NAME = "$(TARGET_NAME)";
				SWIFT_VERSION = 4.2;
				TARGETED_DEVICE_FAMILY = "1,2";
				TEST_TARGET_NAME = RememberMe;
			};
			name = Debug;
		};
		0271FBA221A144C2009066DE /* Release */ = {
			isa = XCBuildConfiguration;
			baseConfigurationReference = B6B6FF20E395F6513392EA4A /* Pods-RememberMeUITests.release.xcconfig */;
			buildSettings = {
				ALWAYS_EMBED_SWIFT_STANDARD_LIBRARIES = YES;
				CODE_SIGN_STYLE = Automatic;
				DEVELOPMENT_TEAM = 3PHP3XA64F;
				INFOPLIST_FILE = RememberMeUITests/Info.plist;
				LD_RUNPATH_SEARCH_PATHS = (
					"$(inherited)",
					"@executable_path/Frameworks",
					"@loader_path/Frameworks",
				);
				PRODUCT_BUNDLE_IDENTIFIER = DevWithLove.com.RememberMeUITests;
				PRODUCT_NAME = "$(TARGET_NAME)";
				SWIFT_VERSION = 4.2;
				TARGETED_DEVICE_FAMILY = "1,2";
				TEST_TARGET_NAME = RememberMe;
			};
			name = Release;
		};
/* End XCBuildConfiguration section */

/* Begin XCConfigurationList section */
		0271FB6D21A144C0009066DE /* Build configuration list for PBXProject "RememberMe" */ = {
			isa = XCConfigurationList;
			buildConfigurations = (
				0271FB9821A144C2009066DE /* Debug */,
				0271FB9921A144C2009066DE /* Release */,
			);
			defaultConfigurationIsVisible = 0;
			defaultConfigurationName = Release;
		};
		0271FB9A21A144C2009066DE /* Build configuration list for PBXNativeTarget "RememberMe" */ = {
			isa = XCConfigurationList;
			buildConfigurations = (
				0271FB9B21A144C2009066DE /* Debug */,
				0271FB9C21A144C2009066DE /* Release */,
			);
			defaultConfigurationIsVisible = 0;
			defaultConfigurationName = Release;
		};
		0271FB9D21A144C2009066DE /* Build configuration list for PBXNativeTarget "RememberMeTests" */ = {
			isa = XCConfigurationList;
			buildConfigurations = (
				0271FB9E21A144C2009066DE /* Debug */,
				0271FB9F21A144C2009066DE /* Release */,
			);
			defaultConfigurationIsVisible = 0;
			defaultConfigurationName = Release;
		};
		0271FBA021A144C2009066DE /* Build configuration list for PBXNativeTarget "RememberMeUITests" */ = {
			isa = XCConfigurationList;
			buildConfigurations = (
				0271FBA121A144C2009066DE /* Debug */,
				0271FBA221A144C2009066DE /* Release */,
			);
			defaultConfigurationIsVisible = 0;
			defaultConfigurationName = Release;
		};
/* End XCConfigurationList section */
	};
	rootObject = 0271FB6A21A144C0009066DE /* Project object */;
}
